
Microsoft Visual Studio Solution File, Format Version 12.00
# Visual Studio Version 17
VisualStudioVersion = 17.10.34928.147
MinimumVisualStudioVersion = 10.0.40219.1
Project("{FAE04EC0-301F-11D3-BF4B-00C04F79EFBC}") = "PNewTalents", "PNewTalents\PNewTalents.csproj", "{409ADE3D-8117-4D4B-88AA-904597801694}"
EndProject
Project("{FAE04EC0-301F-11D3-BF4B-00C04F79EFBC}") = "PNewTalentsTestes", "PNewTalentsTestes\PNewTalentsTestes.csproj", "{1F2B5621-61BE-43CB-AAAE-B497404C9AFC}"
EndProject
Global
	GlobalSection(SolutionConfigurationPlatforms) = preSolution
		Debug|Any CPU = Debug|Any CPU
		Release|Any CPU = Release|Any CPU
	EndGlobalSection
	GlobalSection(ProjectConfigurationPlatforms) = postSolution
		{409ADE3D-8117-4D4B-88AA-904597801694}.Debug|Any CPU.ActiveCfg = Debug|Any CPU
		{409ADE3D-8117-4D4B-88AA-904597801694}.Debug|Any CPU.Build.0 = Debug|Any CPU
		{409ADE3D-8117-4D4B-88AA-904597801694}.Release|Any CPU.ActiveCfg = Release|Any CPU
		{409ADE3D-8117-4D4B-88AA-904597801694}.Release|Any CPU.Build.0 = Release|Any CPU
		{1F2B5621-61BE-43CB-AAAE-B497404C9AFC}.Debug|Any CPU.ActiveCfg = Debug|Any CPU
		{1F2B5621-61BE-43CB-AAAE-B497404C9AFC}.Debug|Any CPU.Build.0 = Debug|Any CPU
		{1F2B5621-61BE-43CB-AAAE-B497404C9AFC}.Release|Any CPU.ActiveCfg = Release|Any CPU
		{1F2B5621-61BE-43CB-AAAE-B497404C9AFC}.Release|Any CPU.Build.0 = Release|Any CPU
	EndGlobalSection
	GlobalSection(SolutionProperties) = preSolution
		HideSolutionNode = FALSE
	EndGlobalSection
	GlobalSection(ExtensibilityGlobals) = postSolution
		SolutionGuid = {B099555D-36AF-4C0D-8DF1-405B34A31274}
	EndGlobalSection
EndGlobal
